# Release-time package and dependency locks remain pending clean-environment
# reproduction. Frozen identities used by the admitted headline evidence:
agentdojo_primary_benchmark=v1.1.2
agentdojo_saved_transfer_benchmark=v1.2.1
victim_model=Qwen3-32B-Q4_K_M.gguf
victim_model_sha256=efd971561896866f0e910cce52761ca77b1b138090c7f15fe284676d57d1f689
temperature=0
output_cap=4096
